
Microsoft Visual Studio Solution File, Format Version 12.00
# Visual Studio Version 16
VisualStudioVersion = 25.0.1706.13
MinimumVisualStudioVersion = 10.0.40219.1
Project("{FAE04EC0-301F-11D3-BF4B-00C04F79EFBC}") = "YShine.Models", "YShine.Models.csproj", "{36166F2C-57A0-4E66-8C55-98F11B1346A5}"
EndProject
Global
	GlobalSection(SolutionConfigurationPlatforms) = preSolution
		Debug|Any CPU = Debug|Any CPU
		Release|Any CPU = Release|Any CPU
	EndGlobalSection
	GlobalSection(ProjectConfigurationPlatforms) = postSolution
		{36166F2C-57A0-4E66-8C55-98F11B1346A5}.Debug|Any CPU.ActiveCfg = Debug|Any CPU
		{36166F2C-57A0-4E66-8C55-98F11B1346A5}.Debug|Any CPU.Build.0 = Debug|Any CPU
		{36166F2C-57A0-4E66-8C55-98F11B1346A5}.Release|Any CPU.ActiveCfg = Release|Any CPU
		{36166F2C-57A0-4E66-8C55-98F11B1346A5}.Release|Any CPU.Build.0 = Release|Any CPU
	EndGlobalSection
	GlobalSection(SolutionProperties) = preSolution
		HideSolutionNode = FALSE
	EndGlobalSection
	GlobalSection(ExtensibilityGlobals) = postSolution
		SolutionGuid = {22D48220-FB0B-4990-A120-222AC6A3B8F9}
	EndGlobalSection
EndGlobal
